
Microsoft Visual Studio Solution File, Format Version 12.00
# Visual Studio Version 16
VisualStudioVersion = 16.0.29911.84
MinimumVisualStudioVersion = 10.0.40219.1
Project("{FAE04EC0-301F-11D3-BF4B-00C04F79EFBC}") = "AirSystem", "AirSystem.csproj", "{DD200827-5A73-4DDC-AC80-2C5426DF80AB}"
EndProject
Global
	GlobalSection(SolutionConfigurationPlatforms) = preSolution
		Debug|Any CPU = Debug|Any CPU
		Release|Any CPU = Release|Any CPU
	EndGlobalSection
	GlobalSection(ProjectConfigurationPlatforms) = postSolution
		{DD200827-5A73-4DDC-AC80-2C5426DF80AB}.Debug|Any CPU.ActiveCfg = Debug|Any CPU
		{DD200827-5A73-4DDC-AC80-2C5426DF80AB}.Debug|Any CPU.Build.0 = Debug|Any CPU
		{DD200827-5A73-4DDC-AC80-2C5426DF80AB}.Release|Any CPU.ActiveCfg = Release|Any CPU
		{DD200827-5A73-4DDC-AC80-2C5426DF80AB}.Release|Any CPU.Build.0 = Release|Any CPU
	EndGlobalSection
	GlobalSection(SolutionProperties) = preSolution
		HideSolutionNode = FALSE
	EndGlobalSection
	GlobalSection(ExtensibilityGlobals) = postSolution
		SolutionGuid = {BDF648B6-169C-40A9-959E-E4E5C1C39749}
	EndGlobalSection
EndGlobal
